
Microsoft Visual Studio Solution File, Format Version 12.00
# Visual Studio Version 17
VisualStudioVersion = 17.14.36518.9 d17.14
MinimumVisualStudioVersion = 10.0.40219.1
Project("{FAE04EC0-301F-11D3-BF4B-00C04F79EFBC}") = "Essenza", "Essenza.csproj", "{4BFCF687-51E1-442D-9398-4273A081EE36}"
EndProject
Global
	GlobalSection(SolutionConfigurationPlatforms) = preSolution
		Debug|Any CPU = Debug|Any CPU
		Release|Any CPU = Release|Any CPU
	EndGlobalSection
	GlobalSection(ProjectConfigurationPlatforms) = postSolution
		{4BFCF687-51E1-442D-9398-4273A081EE36}.Debug|Any CPU.ActiveCfg = Debug|Any CPU
		{4BFCF687-51E1-442D-9398-4273A081EE36}.Debug|Any CPU.Build.0 = Debug|Any CPU
		{4BFCF687-51E1-442D-9398-4273A081EE36}.Release|Any CPU.ActiveCfg = Release|Any CPU
		{4BFCF687-51E1-442D-9398-4273A081EE36}.Release|Any CPU.Build.0 = Release|Any CPU
	EndGlobalSection
	GlobalSection(SolutionProperties) = preSolution
		HideSolutionNode = FALSE
	EndGlobalSection
	GlobalSection(ExtensibilityGlobals) = postSolution
		SolutionGuid = {E91B70C5-337A-4215-A2BE-F3BEDE8B7515}
	EndGlobalSection
EndGlobal
